
Microsoft Visual Studio Solution File, Format Version 12.00
# Visual Studio 15
VisualStudioVersion = 15.0.27205.2004
MinimumVisualStudioVersion = 10.0.40219.1
Project("{8BC9CEB8-8B4A-11D0-8D11-00A0C91BC942}") = "UniPE", "UniPE\UniPE.vcxproj", "{AB1154AB-F889-4C0E-97EF-DD4EFF66FB4B}"
EndProject
Global
	GlobalSection(SolutionConfigurationPlatforms) = preSolution
		Debug|x64 = Debug|x64
		Debug|x86 = Debug|x86
		Release|x64 = Release|x64
		Release|x86 = Release|x86
	EndGlobalSection
	GlobalSection(ProjectConfigurationPlatforms) = postSolution
		{AB1154AB-F889-4C0E-97EF-DD4EFF66FB4B}.Debug|x64.ActiveCfg = Debug|x64
		{AB1154AB-F889-4C0E-97EF-DD4EFF66FB4B}.Debug|x64.Build.0 = Debug|x64
		{AB1154AB-F889-4C0E-97EF-DD4EFF66FB4B}.Debug|x86.ActiveCfg = Debug|Win32
		{AB1154AB-F889-4C0E-97EF-DD4EFF66FB4B}.Debug|x86.Build.0 = Debug|Win32
		{AB1154AB-F889-4C0E-97EF-DD4EFF66FB4B}.Release|x64.ActiveCfg = Release|x64
		{AB1154AB-F889-4C0E-97EF-DD4EFF66FB4B}.Release|x64.Build.0 = Release|x64
		{AB1154AB-F889-4C0E-97EF-DD4EFF66FB4B}.Release|x86.ActiveCfg = Release|Win32
		{AB1154AB-F889-4C0E-97EF-DD4EFF66FB4B}.Release|x86.Build.0 = Release|Win32
	EndGlobalSection
	GlobalSection(SolutionProperties) = preSolution
		HideSolutionNode = FALSE
	EndGlobalSection
	GlobalSection(ExtensibilityGlobals) = postSolution
		SolutionGuid = {6FD61DD2-5A45-4A27-998A-2045157F3737}
	EndGlobalSection
EndGlobal
